
Microsoft Visual Studio Solution File, Format Version 12.00
Project("{FAE04EC0-301F-11D3-BF4B-00C04F79EFBC}") = "DiffusionClient", "DiffusionClient\DiffusionClient.csproj", "{6390A89B-8C0D-4F8F-B1BC-4D8F3DFA9911}"
EndProject
Project("{FAE04EC0-301F-11D3-BF4B-00C04F79EFBC}") = "TestDiffusionClient", "TestDiffusionClient\TestDiffusionClient.csproj", "{ECC65F0B-373B-444E-B794-10DE94E759AB}"
EndProject
Project("{FAE04EC0-301F-11D3-BF4B-00C04F79EFBC}") = "DiffusionService", "DiffusionService\DiffusionService.csproj", "{CB1DA474-7B62-4348-9874-AB065A3F47CA}"
EndProject
Global
	GlobalSection(SolutionConfigurationPlatforms) = preSolution
		Debug|Any CPU = Debug|Any CPU
		Release|Any CPU = Release|Any CPU
	EndGlobalSection
	GlobalSection(ProjectConfigurationPlatforms) = postSolution
		{6390A89B-8C0D-4F8F-B1BC-4D8F3DFA9911}.Debug|Any CPU.ActiveCfg = Debug|Any CPU
		{6390A89B-8C0D-4F8F-B1BC-4D8F3DFA9911}.Debug|Any CPU.Build.0 = Debug|Any CPU
		{6390A89B-8C0D-4F8F-B1BC-4D8F3DFA9911}.Release|Any CPU.ActiveCfg = Release|Any CPU
		{6390A89B-8C0D-4F8F-B1BC-4D8F3DFA9911}.Release|Any CPU.Build.0 = Release|Any CPU
		{ECC65F0B-373B-444E-B794-10DE94E759AB}.Debug|Any CPU.ActiveCfg = Debug|Any CPU
		{ECC65F0B-373B-444E-B794-10DE94E759AB}.Debug|Any CPU.Build.0 = Debug|Any CPU
		{ECC65F0B-373B-444E-B794-10DE94E759AB}.Release|Any CPU.ActiveCfg = Release|Any CPU
		{ECC65F0B-373B-444E-B794-10DE94E759AB}.Release|Any CPU.Build.0 = Release|Any CPU
		{CB1DA474-7B62-4348-9874-AB065A3F47CA}.Debug|Any CPU.ActiveCfg = Debug|Any CPU
		{CB1DA474-7B62-4348-9874-AB065A3F47CA}.Debug|Any CPU.Build.0 = Debug|Any CPU
		{CB1DA474-7B62-4348-9874-AB065A3F47CA}.Release|Any CPU.ActiveCfg = Release|Any CPU
		{CB1DA474-7B62-4348-9874-AB065A3F47CA}.Release|Any CPU.Build.0 = Release|Any CPU
	EndGlobalSection
EndGlobal
